
Microsoft Visual Studio Solution File, Format Version 12.00
# Visual Studio 2013
VisualStudioVersion = 12.0.31101.0
MinimumVisualStudioVersion = 10.0.40219.1
Project("{FAE04EC0-301F-11D3-BF4B-00C04F79EFBC}") = "Websocket.Portable.WSA", "Websocket.Portable.WSA.csproj", "{5E527A55-3B17-49FF-8F72-C25514F93E15}"
EndProject
Project("{FAE04EC0-301F-11D3-BF4B-00C04F79EFBC}") = "WebSocket.Portable.Core", "..\..\WebSocket.Portable.Core\WebSocket.Portable.Core.csproj", "{FC55954C-88E3-4477-A93E-0F734224CFB6}"
EndProject
Global
	GlobalSection(SolutionConfigurationPlatforms) = preSolution
		Debug|Any CPU = Debug|Any CPU
		Debug|ARM = Debug|ARM
		Debug|x64 = Debug|x64
		Debug|x86 = Debug|x86
		Release|Any CPU = Release|Any CPU
		Release|ARM = Release|ARM
		Release|x64 = Release|x64
		Release|x86 = Release|x86
	EndGlobalSection
	GlobalSection(ProjectConfigurationPlatforms) = postSolution
		{5E527A55-3B17-49FF-8F72-C25514F93E15}.Debug|Any CPU.ActiveCfg = Debug|Any CPU
		{5E527A55-3B17-49FF-8F72-C25514F93E15}.Debug|Any CPU.Build.0 = Debug|Any CPU
		{5E527A55-3B17-49FF-8F72-C25514F93E15}.Debug|Any CPU.Deploy.0 = Debug|Any CPU
		{5E527A55-3B17-49FF-8F72-C25514F93E15}.Debug|ARM.ActiveCfg = Debug|ARM
		{5E527A55-3B17-49FF-8F72-C25514F93E15}.Debug|ARM.Build.0 = Debug|ARM
		{5E527A55-3B17-49FF-8F72-C25514F93E15}.Debug|ARM.Deploy.0 = Debug|ARM
		{5E527A55-3B17-49FF-8F72-C25514F93E15}.Debug|x64.ActiveCfg = Debug|x64
		{5E527A55-3B17-49FF-8F72-C25514F93E15}.Debug|x64.Build.0 = Debug|x64
		{5E527A55-3B17-49FF-8F72-C25514F93E15}.Debug|x64.Deploy.0 = Debug|x64
		{5E527A55-3B17-49FF-8F72-C25514F93E15}.Debug|x86.ActiveCfg = Debug|x86
		{5E527A55-3B17-49FF-8F72-C25514F93E15}.Debug|x86.Build.0 = Debug|x86
		{5E527A55-3B17-49FF-8F72-C25514F93E15}.Debug|x86.Deploy.0 = Debug|x86
		{5E527A55-3B17-49FF-8F72-C25514F93E15}.Release|Any CPU.ActiveCfg = Release|Any CPU
		{5E527A55-3B17-49FF-8F72-C25514F93E15}.Release|Any CPU.Build.0 = Release|Any CPU
		{5E527A55-3B17-49FF-8F72-C25514F93E15}.Release|Any CPU.Deploy.0 = Release|Any CPU
		{5E527A55-3B17-49FF-8F72-C25514F93E15}.Release|ARM.ActiveCfg = Release|ARM
		{5E527A55-3B17-49FF-8F72-C25514F93E15}.Release|ARM.Build.0 = Release|ARM
		{5E527A55-3B17-49FF-8F72-C25514F93E15}.Release|ARM.Deploy.0 = Release|ARM
		{5E527A55-3B17-49FF-8F72-C25514F93E15}.Release|x64.ActiveCfg = Release|x64
		{5E527A55-3B17-49FF-8F72-C25514F93E15}.Release|x64.Build.0 = Release|x64
		{5E527A55-3B17-49FF-8F72-C25514F93E15}.Release|x64.Deploy.0 = Release|x64
		{5E527A55-3B17-49FF-8F72-C25514F93E15}.Release|x86.ActiveCfg = Release|x86
		{5E527A55-3B17-49FF-8F72-C25514F93E15}.Release|x86.Build.0 = Release|x86
		{5E527A55-3B17-49FF-8F72-C25514F93E15}.Release|x86.Deploy.0 = Release|x86
		{FC55954C-88E3-4477-A93E-0F734224CFB6}.Debug|Any CPU.ActiveCfg = Debug|Any CPU
		{FC55954C-88E3-4477-A93E-0F734224CFB6}.Debug|Any CPU.Build.0 = Debug|Any CPU
		{FC55954C-88E3-4477-A93E-0F734224CFB6}.Debug|ARM.ActiveCfg = Debug|Any CPU
		{FC55954C-88E3-4477-A93E-0F734224CFB6}.Debug|x64.ActiveCfg = Debug|Any CPU
		{FC55954C-88E3-4477-A93E-0F734224CFB6}.Debug|x86.ActiveCfg = Debug|Any CPU
		{FC55954C-88E3-4477-A93E-0F734224CFB6}.Release|Any CPU.ActiveCfg = Release|Any CPU
		{FC55954C-88E3-4477-A93E-0F734224CFB6}.Release|Any CPU.Build.0 = Release|Any CPU
		{FC55954C-88E3-4477-A93E-0F734224CFB6}.Release|ARM.ActiveCfg = Release|Any CPU
		{FC55954C-88E3-4477-A93E-0F734224CFB6}.Release|x64.ActiveCfg = Release|Any CPU
		{FC55954C-88E3-4477-A93E-0F734224CFB6}.Release|x86.ActiveCfg = Release|Any CPU
	EndGlobalSection
	GlobalSection(SolutionProperties) = preSolution
		HideSolutionNode = FALSE
	EndGlobalSection
EndGlobal
